
Microsoft Visual Studio Solution File, Format Version 12.00
# Visual Studio Version 16
VisualStudioVersion = 16.0.28922.388
MinimumVisualStudioVersion = 10.0.40219.1
Project("{8BC9CEB8-8B4A-11D0-8D11-00A0C91BC942}") = "Creamy-Cheeks-Inventory-DAC627", "Creamy-Cheeks-Inventory-DAC627.vcxproj", "{5003BAB7-B614-4333-A451-31B34AFF179C}"
EndProject
Global
	GlobalSection(SolutionConfigurationPlatforms) = preSolution
		Debug|x64 = Debug|x64
		Debug|x86 = Debug|x86
		Release|x64 = Release|x64
		Release|x86 = Release|x86
	EndGlobalSection
	GlobalSection(ProjectConfigurationPlatforms) = postSolution
		{5003BAB7-B614-4333-A451-31B34AFF179C}.Debug|x64.ActiveCfg = Debug|x64
		{5003BAB7-B614-4333-A451-31B34AFF179C}.Debug|x64.Build.0 = Debug|x64
		{5003BAB7-B614-4333-A451-31B34AFF179C}.Debug|x86.ActiveCfg = Debug|Win32
		{5003BAB7-B614-4333-A451-31B34AFF179C}.Debug|x86.Build.0 = Debug|Win32
		{5003BAB7-B614-4333-A451-31B34AFF179C}.Release|x64.ActiveCfg = Release|x64
		{5003BAB7-B614-4333-A451-31B34AFF179C}.Release|x64.Build.0 = Release|x64
		{5003BAB7-B614-4333-A451-31B34AFF179C}.Release|x86.ActiveCfg = Release|Win32
		{5003BAB7-B614-4333-A451-31B34AFF179C}.Release|x86.Build.0 = Release|Win32
	EndGlobalSection
	GlobalSection(SolutionProperties) = preSolution
		HideSolutionNode = FALSE
	EndGlobalSection
	GlobalSection(ExtensibilityGlobals) = postSolution
		SolutionGuid = {7D631218-5903-4D97-BE89-4FD653ADA06D}
	EndGlobalSection
EndGlobal
